// !$*UTF8*$!
{
	archiveVersion = 1;
	classes = {
	};
	objectVersion = 56;
	objects = {

/* Begin PBXBuildFile section */
		76E3ECB42914F5C300E94F0B /* zseitApp.swift in Sources */ = {isa = PBXBuildFile; fileRef = 76E3ECB32914F5C300E94F0B /* zseitApp.swift */; };
		76E3ECB62914F5C300E94F0B /* ContentView.swift in Sources */ = {isa = PBXBuildFile; fileRef = 76E3ECB52914F5C300E94F0B /* ContentView.swift */; };
		76E3ECB82914F5C400E94F0B /* Assets.xcassets in Resources */ = {isa = PBXBuildFile; fileRef = 76E3ECB72914F5C400E94F0B /* Assets.xcassets */; };
		76E3ECBB2914F5C400E94F0B /* Preview Assets.xcassets in Resources */ = {isa = PBXBuildFile; fileRef = 76E3ECBA2914F5C400E94F0B /* Preview Assets.xcassets */; };
		76E3ECC52914F5C400E94F0B /* zseitTests.swift in Sources */ = {isa = PBXBuildFile; fileRef = 76E3ECC42914F5C400E94F0B /* zseitTests.swift */; };
		76E3ECCF2914F5C400E94F0B /* zseitUITests.swift in Sources */ = {isa = PBXBuildFile; fileRef = 76E3ECCE2914F5C400E94F0B /* zseitUITests.swift */; };
		76E3ECD12914F5C400E94F0B /* zseitUITestsLaunchTests.swift in Sources */ = {isa = PBXBuildFile; fileRef = 76E3ECD02914F5C400E94F0B /* zseitUITestsLaunchTests.swift */; };
/* End PBXBuildFile section */

/* Begin PBXContainerItemProxy section */
		76E3ECC12914F5C400E94F0B /* PBXContainerItemProxy */ = {
			isa = PBXContainerItemProxy;
			containerPortal = 76E3ECA82914F5C300E94F0B /* Project object */;
			proxyType = 1;
			remoteGlobalIDString = 76E3ECAF2914F5C300E94F0B;
			remoteInfo = zseit;
		};
		76E3ECCB2914F5C400E94F0B /* PBXContainerItemProxy */ = {
			isa = PBXContainerItemProxy;
			containerPortal = 76E3ECA82914F5C300E94F0B /* Project object */;
			proxyType = 1;
			remoteGlobalIDString = 76E3ECAF2914F5C300E94F0B;
			remoteInfo = zseit;
		};
/* End PBXContainerItemProxy section */

/* Begin PBXFileReference section */
		76E3ECB02914F5C300E94F0B /* zseit.app */ = {isa = PBXFileReference; explicitFileType = wrapper.application; includeInIndex = 0; path = zseit.app; sourceTree = BUILT_PRODUCTS_DIR; };
		76E3ECB32914F5C300E94F0B /* zseitApp.swift */ = {isa = PBXFileReference; lastKnownFileType = sourcecode.swift; path = zseitApp.swift; sourceTree = "<group>"; };
		76E3ECB52914F5C300E94F0B /* ContentView.swift */ = {isa = PBXFileReference; lastKnownFileType = sourcecode.swift; path = ContentView.swift; sourceTree = "<group>"; };
		76E3ECB72914F5C400E94F0B /* Assets.xcassets */ = {isa = PBXFileReference; lastKnownFileType = folder.assetcatalog; path = Assets.xcassets; sourceTree = "<group>"; };
		76E3ECBA2914F5C400E94F0B /* Preview Assets.xcassets */ = {isa = PBXFileReference; lastKnownFileType = folder.assetcatalog; path = "Preview Assets.xcassets"; sourceTree = "<group>"; };
		76E3ECC02914F5C400E94F0B /* zseitTests.xctest */ = {isa = PBXFileReference; explicitFileType = wrapper.cfbundle; includeInIndex = 0; path = zseitTests.xctest; sourceTree = BUILT_PRODUCTS_DIR; };
		76E3ECC42914F5C400E94F0B /* zseitTests.swift */ = {isa = PBXFileReference; lastKnownFileType = sourcecode.swift; path = zseitTests.swift; sourceTree = "<group>"; };
		76E3ECCA2914F5C400E94F0B /* zseitUITests.xctest */ = {isa = PBXFileReference; explicitFileType = wrapper.cfbundle; includeInIndex = 0; path = zseitUITests.xctest; sourceTree = BUILT_PRODUCTS_DIR; };
		76E3ECCE2914F5C400E94F0B /* zseitUITests.swift */ = {isa = PBXFileReference; lastKnownFileType = sourcecode.swift; path = zseitUITests.swift; sourceTree = "<group>"; };
		76E3ECD02914F5C400E94F0B /* zseitUITestsLaunchTests.swift */ = {isa = PBXFileReference; lastKnownFileType = sourcecode.swift; path = zseitUITestsLaunchTests.swift; sourceTree = "<group>"; };
/* End PBXFileReference section */

/* Begin PBXFrameworksBuildPhase section */
		76E3ECAD2914F5C300E94F0B /* Frameworks */ = {
			isa = PBXFrameworksBuildPhase;
			buildActionMask = 2147483647;
			files = (
			);
			runOnlyForDeploymentPostprocessing = 0;
		};
		76E3ECBD2914F5C400E94F0B /* Frameworks */ = {
			isa = PBXFrameworksBuildPhase;
			buildActionMask = 2147483647;
			files = (
			);
			runOnlyForDeploymentPostprocessing = 0;
		};
		76E3ECC72914F5C400E94F0B /* Frameworks */ = {
			isa = PBXFrameworksBuildPhase;
			buildActionMask = 2147483647;
			files = (
			);
			runOnlyForDeploymentPostprocessing = 0;
		};
/* End PBXFrameworksBuildPhase section */

/* Begin PBXGroup section */
		76E3ECA72914F5C300E94F0B = {
			isa = PBXGroup;
			children = (
				76E3ECB22914F5C300E94F0B /* zseit */,
				76E3ECC32914F5C400E94F0B /* zseitTests */,
				76E3ECCD2914F5C400E94F0B /* zseitUITests */,
				76E3ECB12914F5C300E94F0B /* Products */,
			);
			sourceTree = "<group>";
		};
		76E3ECB12914F5C300E94F0B /* Products */ = {
			isa = PBXGroup;
			children = (
				76E3ECB02914F5C300E94F0B /* zseit.app */,
				76E3ECC02914F5C400E94F0B /* zseitTests.xctest */,
				76E3ECCA2914F5C400E94F0B /* zseitUITests.xctest */,
			);
			name = Products;
			sourceTree = "<group>";
		};
		76E3ECB22914F5C300E94F0B /* zseit */ = {
			isa = PBXGroup;
			children = (
				76E3ECB32914F5C300E94F0B /* zseitApp.swift */,
				76E3ECB52914F5C300E94F0B /* ContentView.swift */,
				76E3ECB72914F5C400E94F0B /* Assets.xcassets */,
				76E3ECB92914F5C400E94F0B /* Preview Content */,
			);
			path = zseit;
			sourceTree = "<group>";
		};
		76E3ECB92914F5C400E94F0B /* Preview Content */ = {
			isa = PBXGroup;
			children = (
				76E3ECBA2914F5C400E94F0B /* Preview Assets.xcassets */,
			);
			path = "Preview Content";
			sourceTree = "<group>";
		};
		76E3ECC32914F5C400E94F0B /* zseitTests */ = {
			isa = PBXGroup;
			children = (
				76E3ECC42914F5C400E94F0B /* zseitTests.swift */,
			);
			path = zseitTests;
			sourceTree = "<group>";
		};
		76E3ECCD2914F5C400E94F0B /* zseitUITests */ = {
			isa = PBXGroup;
			children = (
				76E3ECCE2914F5C400E94F0B /* zseitUITests.swift */,
				76E3ECD02914F5C400E94F0B /* zseitUITestsLaunchTests.swift */,
			);
			path = zseitUITests;
			sourceTree = "<group>";
		};
/* End PBXGroup section */

/* Begin PBXNativeTarget section */
		76E3ECAF2914F5C300E94F0B /* zseit */ = {
			isa = PBXNativeTarget;
			buildConfigurationList = 76E3ECD42914F5C400E94F0B /* Build configuration list for PBXNativeTarget "zseit" */;
			buildPhases = (
				76E3ECAC2914F5C300E94F0B /* Sources */,
				76E3ECAD2914F5C300E94F0B /* Frameworks */,
				76E3ECAE2914F5C300E94F0B /* Resources */,
			);
			buildRules = (
			);
			dependencies = (
			);
			name = zseit;
			productName = zseit;
			productReference = 76E3ECB02914F5C300E94F0B /* zseit.app */;
			productType = "com.apple.product-type.application";
		};
		76E3ECBF2914F5C400E94F0B /* zseitTests */ = {
			isa = PBXNativeTarget;
			buildConfigurationList = 76E3ECD72914F5C400E94F0B /* Build configuration list for PBXNativeTarget "zseitTests" */;
			buildPhases = (
				76E3ECBC2914F5C400E94F0B /* Sources */,
				76E3ECBD2914F5C400E94F0B /* Frameworks */,
				76E3ECBE2914F5C400E94F0B /* Resources */,
			);
			buildRules = (
			);
			dependencies = (
				76E3ECC22914F5C400E94F0B /* PBXTargetDependency */,
			);
			name = zseitTests;
			productName = zseitTests;
			productReference = 76E3ECC02914F5C400E94F0B /* zseitTests.xctest */;
			productType = "com.apple.product-type.bundle.unit-test";
		};
		76E3ECC92914F5C400E94F0B /* zseitUITests */ = {
			isa = PBXNativeTarget;
			buildConfigurationList = 76E3ECDA2914F5C400E94F0B /* Build configuration list for PBXNativeTarget "zseitUITests" */;
			buildPhases = (
				76E3ECC62914F5C400E94F0B /* Sources */,
				76E3ECC72914F5C400E94F0B /* Frameworks */,
				76E3ECC82914F5C400E94F0B /* Resources */,
			);
			buildRules = (
			);
			dependencies = (
				76E3ECCC2914F5C400E94F0B /* PBXTargetDependency */,
			);
			name = zseitUITests;
			productName = zseitUITests;
			productReference = 76E3ECCA2914F5C400E94F0B /* zseitUITests.xctest */;
			productType = "com.apple.product-type.bundle.ui-testing";
		};
/* End PBXNativeTarget section */

/* Begin PBXProject section */
		76E3ECA82914F5C300E94F0B /* Project object */ = {
			isa = PBXProject;
			attributes = {
				BuildIndependentTargetsInParallel = 1;
				LastSwiftUpdateCheck = 1400;
				LastUpgradeCheck = 1400;
				TargetAttributes = {
					76E3ECAF2914F5C300E94F0B = {
						CreatedOnToolsVersion = 14.0.1;
					};
					76E3ECBF2914F5C400E94F0B = {
						CreatedOnToolsVersion = 14.0.1;
						TestTargetID = 76E3ECAF2914F5C300E94F0B;
					};
					76E3ECC92914F5C400E94F0B = {
						CreatedOnToolsVersion = 14.0.1;
						TestTargetID = 76E3ECAF2914F5C300E94F0B;
					};
				};
			};
			buildConfigurationList = 76E3ECAB2914F5C300E94F0B /* Build configuration list for PBXProject "zseit" */;
			compatibilityVersion = "Xcode 14.0";
			developmentRegion = en;
			hasScannedForEncodings = 0;
			knownRegions = (
				en,
				Base,
			);
			mainGroup = 76E3ECA72914F5C300E94F0B;
			productRefGroup = 76E3ECB12914F5C300E94F0B /* Products */;
			projectDirPath = "";
			projectRoot = "";
			targets = (
				76E3ECAF2914F5C300E94F0B /* zseit */,
				76E3ECBF2914F5C400E94F0B /* zseitTests */,
				76E3ECC92914F5C400E94F0B /* zseitUITests */,
			);
		};
/* End PBXProject section */

/* Begin PBXResourcesBuildPhase section */
		76E3ECAE2914F5C300E94F0B /* Resources */ = {
			isa = PBXResourcesBuildPhase;
			buildActionMask = 2147483647;
			files = (
				76E3ECBB2914F5C400E94F0B /* Preview Assets.xcassets in Resources */,
				76E3ECB82914F5C400E94F0B /* Assets.xcassets in Resources */,
			);
			runOnlyForDeploymentPostprocessing = 0;
		};
		76E3ECBE2914F5C400E94F0B /* Resources */ = {
			isa = PBXResourcesBuildPhase;
			buildActionMask = 2147483647;
			files = (
			);
			runOnlyForDeploymentPostprocessing = 0;
		};
		76E3ECC82914F5C400E94F0B /* Resources */ = {
			isa = PBXResourcesBuildPhase;
			buildActionMask = 2147483647;
			files = (
			);
			runOnlyForDeploymentPostprocessing = 0;
		};
/* End PBXResourcesBuildPhase section */

/* Begin PBXSourcesBuildPhase section */
		76E3ECAC2914F5C300E94F0B /* Sources */ = {
			isa = PBXSourcesBuildPhase;
			buildActionMask = 2147483647;
			files = (
				76E3ECB62914F5C300E94F0B /* ContentView.swift in Sources */,
				76E3ECB42914F5C300E94F0B /* zseitApp.swift in Sources */,
			);
			runOnlyForDeploymentPostprocessing = 0;
		};
		76E3ECBC2914F5C400E94F0B /* Sources */ = {
			isa = PBXSourcesBuildPhase;
			buildActionMask = 2147483647;
			files = (
				76E3ECC52914F5C400E94F0B /* zseitTests.swift in Sources */,
			);
			runOnlyForDeploymentPostprocessing = 0;
		};
		76E3ECC62914F5C400E94F0B /* Sources */ = {
			isa = PBXSourcesBuildPhase;
			buildActionMask = 2147483647;
			files = (
				76E3ECD12914F5C400E94F0B /* zseitUITestsLaunchTests.swift in Sources */,
				76E3ECCF2914F5C400E94F0B /* zseitUITests.swift in Sources */,
			);
			runOnlyForDeploymentPostprocessing = 0;
		};
/* End PBXSourcesBuildPhase section */

/* Begin PBXTargetDependency section */
		76E3ECC22914F5C400E94F0B /* PBXTargetDependency */ = {
			isa = PBXTargetDependency;
			target = 76E3ECAF2914F5C300E94F0B /* zseit */;
			targetProxy = 76E3ECC12914F5C400E94F0B /* PBXContainerItemProxy */;
		};
		76E3ECCC2914F5C400E94F0B /* PBXTargetDependency */ = {
			isa = PBXTargetDependency;
			target = 76E3ECAF2914F5C300E94F0B /* zseit */;
			targetProxy = 76E3ECCB2914F5C400E94F0B /* PBXContainerItemProxy */;
		};
/* End PBXTargetDependency section */

/* Begin XCBuildConfiguration section */
		76E3ECD22914F5C400E94F0B /* Debug */ = {
			isa = XCBuildConfiguration;
			buildSettings = {
				ALWAYS_SEARCH_USER_PATHS = NO;
				CLANG_ANALYZER_NONNULL = YES;
				CLANG_ANALYZER_NUMBER_OBJECT_CONVERSION = YES_AGGRESSIVE;
				CLANG_CXX_LANGUAGE_STANDARD = "gnu++20";
				CLANG_ENABLE_MODULES = YES;
				CLANG_ENABLE_OBJC_ARC = YES;
				CLANG_ENABLE_OBJC_WEAK = YES;
				CLANG_WARN_BLOCK_CAPTURE_AUTORELEASING = YES;
				CLANG_WARN_BOOL_CONVERSION = YES;
				CLANG_WARN_COMMA = YES;
				CLANG_WARN_CONSTANT_CONVERSION = YES;
				CLANG_WARN_DEPRECATED_OBJC_IMPLEMENTATIONS = YES;
				CLANG_WARN_DIRECT_OBJC_ISA_USAGE = YES_ERROR;
				CLANG_WARN_DOCUMENTATION_COMMENTS = YES;
				CLANG_WARN_EMPTY_BODY = YES;
				CLANG_WARN_ENUM_CONVERSION = YES;
				CLANG_WARN_INFINITE_RECURSION = YES;
				CLANG_WARN_INT_CONVERSION = YES;
				CLANG_WARN_NON_LITERAL_NULL_CONVERSION = YES;
				CLANG_WARN_OBJC_IMPLICIT_RETAIN_SELF = YES;
				CLANG_WARN_OBJC_LITERAL_CONVERSION = YES;
				CLANG_WARN_OBJC_ROOT_CLASS = YES_ERROR;
				CLANG_WARN_QUOTED_INCLUDE_IN_FRAMEWORK_HEADER = YES;
				CLANG_WARN_RANGE_LOOP_ANALYSIS = YES;
				CLANG_WARN_STRICT_PROTOTYPES = YES;
				CLANG_WARN_SUSPICIOUS_MOVE = YES;
				CLANG_WARN_UNGUARDED_AVAILABILITY = YES_AGGRESSIVE;
				CLANG_WARN_UNREACHABLE_CODE = YES;
				CLANG_WARN__DUPLICATE_METHOD_MATCH = YES;
				COPY_PHASE_STRIP = NO;
				DEBUG_INFORMATION_FORMAT = dwarf;
				ENABLE_STRICT_OBJC_MSGSEND = YES;
				ENABLE_TESTABILITY = YES;
				GCC_C_LANGUAGE_STANDARD = gnu11;
				GCC_DYNAMIC_NO_PIC = NO;
				GCC_NO_COMMON_BLOCKS = YES;
				GCC_OPTIMIZATION_LEVEL = 0;
				GCC_PREPROCESSOR_DEFINITIONS = (
					"DEBUG=1",
					"$(inherited)",
				);
				GCC_WARN_64_TO_32_BIT_CONVERSION = YES;
				GCC_WARN_ABOUT_RETURN_TYPE = YES_ERROR;
				GCC_WARN_UNDECLARED_SELECTOR = YES;
				GCC_WARN_UNINITIALIZED_AUTOS = YES_AGGRESSIVE;
				GCC_WARN_UNUSED_FUNCTION = YES;
				GCC_WARN_UNUSED_VARIABLE = YES;
				IPHONEOS_DEPLOYMENT_TARGET = 16.0;
				MTL_ENABLE_DEBUG_INFO = INCLUDE_SOURCE;
				MTL_FAST_MATH = YES;
				ONLY_ACTIVE_ARCH = YES;
				SDKROOT = iphoneos;
				SWIFT_ACTIVE_COMPILATION_CONDITIONS = DEBUG;
				SWIFT_OPTIMIZATION_LEVEL = "-Onone";
			};
			name = Debug;
		};
		76E3ECD32914F5C400E94F0B /* Release */ = {
			isa = XCBuildConfiguration;
			buildSettings = {
				ALWAYS_SEARCH_USER_PATHS = NO;
				CLANG_ANALYZER_NONNULL = YES;
				CLANG_ANALYZER_NUMBER_OBJECT_CONVERSION = YES_AGGRESSIVE;
				CLANG_CXX_LANGUAGE_STANDARD = "gnu++20";
				CLANG_ENABLE_MODULES = YES;
				CLANG_ENABLE_OBJC_ARC = YES;
				CLANG_ENABLE_OBJC_WEAK = YES;
				CLANG_WARN_BLOCK_CAPTURE_AUTORELEASING = YES;
				CLANG_WARN_BOOL_CONVERSION = YES;
				CLANG_WARN_COMMA = YES;
				CLANG_WARN_CONSTANT_CONVERSION = YES;
				CLANG_WARN_DEPRECATED_OBJC_IMPLEMENTATIONS = YES;
				CLANG_WARN_DIRECT_OBJC_ISA_USAGE = YES_ERROR;
				CLANG_WARN_DOCUMENTATION_COMMENTS = YES;
				CLANG_WARN_EMPTY_BODY = YES;
				CLANG_WARN_ENUM_CONVERSION = YES;
				CLANG_WARN_INFINITE_RECURSION = YES;
				CLANG_WARN_INT_CONVERSION = YES;
				CLANG_WARN_NON_LITERAL_NULL_CONVERSION = YES;
				CLANG_WARN_OBJC_IMPLICIT_RETAIN_SELF = YES;
				CLANG_WARN_OBJC_LITERAL_CONVERSION = YES;
				CLANG_WARN_OBJC_ROOT_CLASS = YES_ERROR;
				CLANG_WARN_QUOTED_INCLUDE_IN_FRAMEWORK_HEADER = YES;
				CLANG_WARN_RANGE_LOOP_ANALYSIS = YES;
				CLANG_WARN_STRICT_PROTOTYPES = YES;
				CLANG_WARN_SUSPICIOUS_MOVE = YES;
				CLANG_WARN_UNGUARDED_AVAILABILITY = YES_AGGRESSIVE;
				CLANG_WARN_UNREACHABLE_CODE = YES;
				CLANG_WARN__DUPLICATE_METHOD_MATCH = YES;
				COPY_PHASE_STRIP = NO;
				DEBUG_INFORMATION_FORMAT = "dwarf-with-dsym";
				ENABLE_NS_ASSERTIONS = NO;
				ENABLE_STRICT_OBJC_MSGSEND = YES;
				GCC_C_LANGUAGE_STANDARD = gnu11;
				GCC_NO_COMMON_BLOCKS = YES;
				GCC_WARN_64_TO_32_BIT_CONVERSION = YES;
				GCC_WARN_ABOUT_RETURN_TYPE = YES_ERROR;
				GCC_WARN_UNDECLARED_SELECTOR = YES;
				GCC_WARN_UNINITIALIZED_AUTOS = YES_AGGRESSIVE;
				GCC_WARN_UNUSED_FUNCTION = YES;
				GCC_WARN_UNUSED_VARIABLE = YES;
				IPHONEOS_DEPLOYMENT_TARGET = 16.0;
				MTL_ENABLE_DEBUG_INFO = NO;
				MTL_FAST_MATH = YES;
				SDKROOT = iphoneos;
				SWIFT_COMPILATION_MODE = wholemodule;
				SWIFT_OPTIMIZATION_LEVEL = "-O";
				VALIDATE_PRODUCT = YES;
			};
			name = Release;
		};
		76E3ECD52914F5C400E94F0B /* Debug */ = {
			isa = XCBuildConfiguration;
			buildSettings = {
				ASSETCATALOG_COMPILER_APPICON_NAME = AppIcon;
				ASSETCATALOG_COMPILER_GLOBAL_ACCENT_COLOR_NAME = AccentColor;
				CODE_SIGN_STYLE = Automatic;
				CURRENT_PROJECT_VERSION = 1;
				DEVELOPMENT_ASSET_PATHS = "\"zseit/Preview Content\"";
				ENABLE_PREVIEWS = YES;
				GENERATE_INFOPLIST_FILE = YES;
				INFOPLIST_KEY_UIApplicationSceneManifest_Generation = YES;
				INFOPLIST_KEY_UIApplicationSupportsIndirectInputEvents = YES;
				INFOPLIST_KEY_UILaunchScreen_Generation = YES;
				INFOPLIST_KEY_UISupportedInterfaceOrientations_iPad = "UIInterfaceOrientationPortrait UIInterfaceOrientationPortraitUpsideDown UIInterfaceOrientationLandscapeLeft UIInterfaceOrientationLandscapeRight";
				INFOPLIST_KEY_UISupportedInterfaceOrientations_iPhone = "UIInterfaceOrientationPortrait UIInterfaceOrientationLandscapeLeft UIInterfaceOrientationLandscapeRight";
				LD_RUNPATH_SEARCH_PATHS = (
					"$(inherited)",
					"@executable_path/Frameworks",
				);
				MARKETING_VERSION = 1.0;
				PRODUCT_BUNDLE_IDENTIFIER = "byte-space.zseit";
				PRODUCT_NAME = "$(TARGET_NAME)";
				SWIFT_EMIT_LOC_STRINGS = YES;
				SWIFT_VERSION = 5.0;
				TARGETED_DEVICE_FAMILY = "1,2";
			};
			name = Debug;
		};
		76E3ECD62914F5C400E94F0B /* Release */ = {
			isa = XCBuildConfiguration;
			buildSettings = {
				ASSETCATALOG_COMPILER_APPICON_NAME = AppIcon;
				ASSETCATALOG_COMPILER_GLOBAL_ACCENT_COLOR_NAME = AccentColor;
				CODE_SIGN_STYLE = Automatic;
				CURRENT_PROJECT_VERSION = 1;
				DEVELOPMENT_ASSET_PATHS = "\"zseit/Preview Content\"";
				ENABLE_PREVIEWS = YES;
				GENERATE_INFOPLIST_FILE = YES;
				INFOPLIST_KEY_UIApplicationSceneManifest_Generation = YES;
				INFOPLIST_KEY_UIApplicationSupportsIndirectInputEvents = YES;
				INFOPLIST_KEY_UILaunchScreen_Generation = YES;
				INFOPLIST_KEY_UISupportedInterfaceOrientations_iPad = "UIInterfaceOrientationPortrait UIInterfaceOrientationPortraitUpsideDown UIInterfaceOrientationLandscapeLeft UIInterfaceOrientationLandscapeRight";
				INFOPLIST_KEY_UISupportedInterfaceOrientations_iPhone = "UIInterfaceOrientationPortrait UIInterfaceOrientationLandscapeLeft UIInterfaceOrientationLandscapeRight";
				LD_RUNPATH_SEARCH_PATHS = (
					"$(inherited)",
					"@executable_path/Frameworks",
				);
				MARKETING_VERSION = 1.0;
				PRODUCT_BUNDLE_IDENTIFIER = "byte-space.zseit";
				PRODUCT_NAME = "$(TARGET_NAME)";
				SWIFT_EMIT_LOC_STRINGS = YES;
				SWIFT_VERSION = 5.0;
				TARGETED_DEVICE_FAMILY = "1,2";
			};
			name = Release;
		};
		76E3ECD82914F5C400E94F0B /* Debug */ = {
			isa = XCBuildConfiguration;
			buildSettings = {
				ALWAYS_EMBED_SWIFT_STANDARD_LIBRARIES = YES;
				BUNDLE_LOADER = "$(TEST_HOST)";
				CODE_SIGN_STYLE = Automatic;
				CURRENT_PROJECT_VERSION = 1;
				GENERATE_INFOPLIST_FILE = YES;
				IPHONEOS_DEPLOYMENT_TARGET = 16.0;
				MARKETING_VERSION = 1.0;
				PRODUCT_BUNDLE_IDENTIFIER = "byte-space.zseitTests";
				PRODUCT_NAME = "$(TARGET_NAME)";
				SWIFT_EMIT_LOC_STRINGS = NO;
				SWIFT_VERSION = 5.0;
				TARGETED_DEVICE_FAMILY = "1,2";
				TEST_HOST = "$(BUILT_PRODUCTS_DIR)/zseit.app/$(BUNDLE_EXECUTABLE_FOLDER_PATH)/zseit";
			};
			name = Debug;
		};
		76E3ECD92914F5C400E94F0B /* Release */ = {
			isa = XCBuildConfiguration;
			buildSettings = {
				ALWAYS_EMBED_SWIFT_STANDARD_LIBRARIES = YES;
				BUNDLE_LOADER = "$(TEST_HOST)";
				CODE_SIGN_STYLE = Automatic;
				CURRENT_PROJECT_VERSION = 1;
				GENERATE_INFOPLIST_FILE = YES;
				IPHONEOS_DEPLOYMENT_TARGET = 16.0;
				MARKETING_VERSION = 1.0;
				PRODUCT_BUNDLE_IDENTIFIER = "byte-space.zseitTests";
				PRODUCT_NAME = "$(TARGET_NAME)";
				SWIFT_EMIT_LOC_STRINGS = NO;
				SWIFT_VERSION = 5.0;
				TARGETED_DEVICE_FAMILY = "1,2";
				TEST_HOST = "$(BUILT_PRODUCTS_DIR)/zseit.app/$(BUNDLE_EXECUTABLE_FOLDER_PATH)/zseit";
			};
			name = Release;
		};
		76E3ECDB2914F5C400E94F0B /* Debug */ = {
			isa = XCBuildConfiguration;
			buildSettings = {
				ALWAYS_EMBED_SWIFT_STANDARD_LIBRARIES = YES;
				CODE_SIGN_STYLE = Automatic;
				CURRENT_PROJECT_VERSION = 1;
				GENERATE_INFOPLIST_FILE = YES;
				MARKETING_VERSION = 1.0;
				PRODUCT_BUNDLE_IDENTIFIER = "byte-space.zseitUITests";
				PRODUCT_NAME = "$(TARGET_NAME)";
				SWIFT_EMIT_LOC_STRINGS = NO;
				SWIFT_VERSION = 5.0;
				TARGETED_DEVICE_FAMILY = "1,2";
				TEST_TARGET_NAME = zseit;
			};
			name = Debug;
		};
		76E3ECDC2914F5C400E94F0B /* Release */ = {
			isa = XCBuildConfiguration;
			buildSettings = {
				ALWAYS_EMBED_SWIFT_STANDARD_LIBRARIES = YES;
				CODE_SIGN_STYLE = Automatic;
				CURRENT_PROJECT_VERSION = 1;
				GENERATE_INFOPLIST_FILE = YES;
				MARKETING_VERSION = 1.0;
				PRODUCT_BUNDLE_IDENTIFIER = "byte-space.zseitUITests";
				PRODUCT_NAME = "$(TARGET_NAME)";
				SWIFT_EMIT_LOC_STRINGS = NO;
				SWIFT_VERSION = 5.0;
				TARGETED_DEVICE_FAMILY = "1,2";
				TEST_TARGET_NAME = zseit;
			};
			name = Release;
		};
/* End XCBuildConfiguration section */

/* Begin XCConfigurationList section */
		76E3ECAB2914F5C300E94F0B /* Build configuration list for PBXProject "zseit" */ = {
			isa = XCConfigurationList;
			buildConfigurations = (
				76E3ECD22914F5C400E94F0B /* Debug */,
				76E3ECD32914F5C400E94F0B /* Release */,
			);
			defaultConfigurationIsVisible = 0;
			defaultConfigurationName = Release;
		};
		76E3ECD42914F5C400E94F0B /* Build configuration list for PBXNativeTarget "zseit" */ = {
			isa = XCConfigurationList;
			buildConfigurations = (
				76E3ECD52914F5C400E94F0B /* Debug */,
				76E3ECD62914F5C400E94F0B /* Release */,
			);
			defaultConfigurationIsVisible = 0;
			defaultConfigurationName = Release;
		};
		76E3ECD72914F5C400E94F0B /* Build configuration list for PBXNativeTarget "zseitTests" */ = {
			isa = XCConfigurationList;
			buildConfigurations = (
				76E3ECD82914F5C400E94F0B /* Debug */,
				76E3ECD92914F5C400E94F0B /* Release */,
			);
			defaultConfigurationIsVisible = 0;
			defaultConfigurationName = Release;
		};
		76E3ECDA2914F5C400E94F0B /* Build configuration list for PBXNativeTarget "zseitUITests" */ = {
			isa = XCConfigurationList;
			buildConfigurations = (
				76E3ECDB2914F5C400E94F0B /* Debug */,
				76E3ECDC2914F5C400E94F0B /* Release */,
			);
			defaultConfigurationIsVisible = 0;
			defaultConfigurationName = Release;
		};
/* End XCConfigurationList section */
	};
	rootObject = 76E3ECA82914F5C300E94F0B /* Project object */;
}
